
Microsoft Visual Studio Solution File, Format Version 12.00
# Visual Studio Version 16
VisualStudioVersion = 16.0.30011.22
MinimumVisualStudioVersion = 10.0.40219.1
Project("{FAE04EC0-301F-11D3-BF4B-00C04F79EFBC}") = "NUnitTestHomeTask", "NUnitTestHomeTask\NUnitTestHomeTask.csproj", "{1EB4C217-AC85-47C0-8667-8AFD756CDC5A}"
EndProject
Global
	GlobalSection(SolutionConfigurationPlatforms) = preSolution
		Debug|Any CPU = Debug|Any CPU
		Release|Any CPU = Release|Any CPU
	EndGlobalSection
	GlobalSection(ProjectConfigurationPlatforms) = postSolution
		{1EB4C217-AC85-47C0-8667-8AFD756CDC5A}.Debug|Any CPU.ActiveCfg = Debug|Any CPU
		{1EB4C217-AC85-47C0-8667-8AFD756CDC5A}.Debug|Any CPU.Build.0 = Debug|Any CPU
		{1EB4C217-AC85-47C0-8667-8AFD756CDC5A}.Release|Any CPU.ActiveCfg = Release|Any CPU
		{1EB4C217-AC85-47C0-8667-8AFD756CDC5A}.Release|Any CPU.Build.0 = Release|Any CPU
	EndGlobalSection
	GlobalSection(SolutionProperties) = preSolution
		HideSolutionNode = FALSE
	EndGlobalSection
	GlobalSection(ExtensibilityGlobals) = postSolution
		SolutionGuid = {EA473677-7484-4C83-9120-B35F2C73257C}
	EndGlobalSection
EndGlobal
